<?xml version="1.0" encoding="utf-8"?>
<Project ToolsVersion="16.0" xmlns="http://schemas.microsoft.com/developer/msbuild/2003">
  <ItemGroup>
    <ClCompile Include="A:\A_EEEE2046\myGithub\2021_STUDENT20281089\WorkSheet\Worksheet_6_E3\test1.cpp">
      <Filter>Source Files</Filter>
    </ClCompile>
  </ItemGroup>
  <ItemGroup>
    <CustomBuild Include="A:\A_EEEE2046\myGithub\2021_STUDENT20281089\WorkSheet\Worksheet_6_E3\CMakeLists.txt" />
  </ItemGroup>
  <ItemGroup>
    <Filter Include="Source Files">
      <UniqueIdentifier>{B188F02D-6105-34EF-AD20-75EE39C2C9BC}</UniqueIdentifier>
    </Filter>
  </ItemGroup>
</Project>
